
Microsoft Visual Studio Solution File, Format Version 12.00
# Visual Studio 15
VisualStudioVersion = 15.0.27130.2003
MinimumVisualStudioVersion = 10.0.40219.1
Project("{FAE04EC0-301F-11D3-BF4B-00C04F79EFBC}") = "WPFSamples", "WPFSamples\WPFSamples.csproj", "{4263D0BA-6B45-4C07-B5ED-E1AB1C7C9459}"
EndProject
Project("{2150E333-8FDC-42A3-9474-1A3956D46DE8}") = "1_Binding", "1_Binding", "{E4E47214-AFD1-4B6A-8ED4-0631D005FFDC}"
EndProject
Project("{FAE04EC0-301F-11D3-BF4B-00C04F79EFBC}") = "BindingSample", "BindingSample\BindingSample.csproj", "{AAA72A48-F526-43E5-BB95-38E1889B6892}"
EndProject
Global
	GlobalSection(SolutionConfigurationPlatforms) = preSolution
		Debug|Any CPU = Debug|Any CPU
		Release|Any CPU = Release|Any CPU
	EndGlobalSection
	GlobalSection(ProjectConfigurationPlatforms) = postSolution
		{4263D0BA-6B45-4C07-B5ED-E1AB1C7C9459}.Debug|Any CPU.ActiveCfg = Debug|Any CPU
		{4263D0BA-6B45-4C07-B5ED-E1AB1C7C9459}.Debug|Any CPU.Build.0 = Debug|Any CPU
		{4263D0BA-6B45-4C07-B5ED-E1AB1C7C9459}.Release|Any CPU.ActiveCfg = Release|Any CPU
		{4263D0BA-6B45-4C07-B5ED-E1AB1C7C9459}.Release|Any CPU.Build.0 = Release|Any CPU
		{AAA72A48-F526-43E5-BB95-38E1889B6892}.Debug|Any CPU.ActiveCfg = Debug|Any CPU
		{AAA72A48-F526-43E5-BB95-38E1889B6892}.Debug|Any CPU.Build.0 = Debug|Any CPU
		{AAA72A48-F526-43E5-BB95-38E1889B6892}.Release|Any CPU.ActiveCfg = Release|Any CPU
		{AAA72A48-F526-43E5-BB95-38E1889B6892}.Release|Any CPU.Build.0 = Release|Any CPU
	EndGlobalSection
	GlobalSection(SolutionProperties) = preSolution
		HideSolutionNode = FALSE
	EndGlobalSection
	GlobalSection(NestedProjects) = preSolution
		{AAA72A48-F526-43E5-BB95-38E1889B6892} = {E4E47214-AFD1-4B6A-8ED4-0631D005FFDC}
	EndGlobalSection
	GlobalSection(ExtensibilityGlobals) = postSolution
		SolutionGuid = {B819D298-5FE9-44BC-966A-8427E8FD0EE1}
	EndGlobalSection
EndGlobal
